
Microsoft Visual Studio Solution File, Format Version 12.00
# Visual Studio Version 16
VisualStudioVersion = 16.0.31410.357
MinimumVisualStudioVersion = 10.0.40219.1
Project("{9A19103F-16F7-4668-BE54-9A1E7A4F7556}") = "World_3D", "World_3D.csproj", "{5D6BCF24-AE9A-4C6F-86BA-11465C6DE5F3}"
EndProject
Global
	GlobalSection(SolutionConfigurationPlatforms) = preSolution
		Debug|Any CPU = Debug|Any CPU
		Release|Any CPU = Release|Any CPU
	EndGlobalSection
	GlobalSection(ProjectConfigurationPlatforms) = postSolution
		{5D6BCF24-AE9A-4C6F-86BA-11465C6DE5F3}.Debug|Any CPU.ActiveCfg = Debug|Any CPU
		{5D6BCF24-AE9A-4C6F-86BA-11465C6DE5F3}.Debug|Any CPU.Build.0 = Debug|Any CPU
		{5D6BCF24-AE9A-4C6F-86BA-11465C6DE5F3}.Release|Any CPU.ActiveCfg = Release|Any CPU
		{5D6BCF24-AE9A-4C6F-86BA-11465C6DE5F3}.Release|Any CPU.Build.0 = Release|Any CPU
	EndGlobalSection
	GlobalSection(SolutionProperties) = preSolution
		HideSolutionNode = FALSE
	EndGlobalSection
	GlobalSection(ExtensibilityGlobals) = postSolution
		SolutionGuid = {1795D5DA-1AB4-4AAC-BCEE-E777A8E968DD}
	EndGlobalSection
EndGlobal
